
Microsoft Visual Studio Solution File, Format Version 12.00
# Visual Studio 15
VisualStudioVersion = 15.0.27004.2006
MinimumVisualStudioVersion = 10.0.40219.1
Project("{8BC9CEB8-8B4A-11D0-8D11-00A0C91BC942}") = "Virtual Instrument", "USB_OV7725\USB_OV7725.vcxproj", "{3775C66A-D90F-4498-A383-C41B243D61E4}"
EndProject
Global
	GlobalSection(SolutionConfigurationPlatforms) = preSolution
		Debug|Win32 = Debug|Win32
		Release|Win32 = Release|Win32
	EndGlobalSection
	GlobalSection(ProjectConfigurationPlatforms) = postSolution
		{3775C66A-D90F-4498-A383-C41B243D61E4}.Debug|Win32.ActiveCfg = Debug|Win32
		{3775C66A-D90F-4498-A383-C41B243D61E4}.Debug|Win32.Build.0 = Debug|Win32
		{3775C66A-D90F-4498-A383-C41B243D61E4}.Release|Win32.ActiveCfg = Release|Win32
		{3775C66A-D90F-4498-A383-C41B243D61E4}.Release|Win32.Build.0 = Release|Win32
	EndGlobalSection
	GlobalSection(SolutionProperties) = preSolution
		HideSolutionNode = FALSE
	EndGlobalSection
	GlobalSection(ExtensibilityGlobals) = postSolution
		SolutionGuid = {CCDD1921-6E78-42CB-AC02-1623BA3B0899}
	EndGlobalSection
EndGlobal
